
Microsoft Visual Studio Solution File, Format Version 12.00
# Visual Studio Version 17
VisualStudioVersion = 17.9.34701.34
MinimumVisualStudioVersion = 10.0.40219.1
Project("{9A19103F-16F7-4668-BE54-9A1E7A4F7556}") = "TipoDeDados1", "TipoDeDados1\TipoDeDados1.csproj", "{18E62796-F226-4753-8A01-FCD952597AEA}"
EndProject
Project("{9A19103F-16F7-4668-BE54-9A1E7A4F7556}") = "TiposDeDados2", "TiposDados2\TiposDeDados2.csproj", "{84F93D4B-4EE3-4882-9F6A-1B07159D8858}"
EndProject
Project("{9A19103F-16F7-4668-BE54-9A1E7A4F7556}") = "TipoDeDados3", "TipoDeDados3\TipoDeDados3.csproj", "{63BE7485-A773-44C2-9C74-6FA0335B9F06}"
EndProject
Project("{9A19103F-16F7-4668-BE54-9A1E7A4F7556}") = "TiposDeDados4", "TiposDeDados4\TiposDeDados4.csproj", "{05941C21-D387-4962-9D5D-E889E0D41E58}"
EndProject
Project("{9A19103F-16F7-4668-BE54-9A1E7A4F7556}") = "TipoDateTime1", "TipoDateTime1\TipoDateTime1.csproj", "{9DA1DC3D-3B04-46E4-8FD4-56C97D36B2A8}"
EndProject
Project("{9A19103F-16F7-4668-BE54-9A1E7A4F7556}") = "NullableTypes1", "NullableTypes1\NullableTypes1.csproj", "{7D60B81A-0118-4FE7-B037-A010BF35907E}"
EndProject
Project("{9A19103F-16F7-4668-BE54-9A1E7A4F7556}") = "Identificadores", "Identificadores\Identificadores.csproj", "{245A9E56-04CC-44BB-A4D6-2B297E5FEED4}"
EndProject
Project("{9A19103F-16F7-4668-BE54-9A1E7A4F7556}") = "SaidaDados", "SaidaDados\SaidaDados.csproj", "{18CE47C4-43FF-4E7F-B146-DEFA10C65699}"
EndProject
Project("{9A19103F-16F7-4668-BE54-9A1E7A4F7556}") = "SaidaDados2", "SaidaDados2\SaidaDados2.csproj", "{7E662329-5283-45FA-968E-01E205C926D0}"
EndProject
Project("{9A19103F-16F7-4668-BE54-9A1E7A4F7556}") = "1ConversaoTipos", "1ConversaoTipos\1ConversaoTipos.csproj", "{03E38C3A-2482-4030-98CA-37F6D575C5DB}"
EndProject
Project("{9A19103F-16F7-4668-BE54-9A1E7A4F7556}") = "1ConversaoTipos1", "1ConversaoTipos1\1ConversaoTipos1.csproj", "{0294E88C-F884-4C73-B8AF-E56A2B0C3B41}"
EndProject
Project("{9A19103F-16F7-4668-BE54-9A1E7A4F7556}") = "EntradaDeDados", "EntradaDeDados\EntradaDeDados.csproj", "{B6480347-0BA2-4392-8BCE-6FDE90C7EA19}"
EndProject
Project("{FAE04EC0-301F-11D3-BF4B-00C04F79EFBC}") = "OperadoresAritmeticos", "OperadoresAritmeticos\OperadoresAritmeticos.csproj", "{638C36E7-3C5B-453B-8CFB-663832123264}"
EndProject
Global
	GlobalSection(SolutionConfigurationPlatforms) = preSolution
		Debug|Any CPU = Debug|Any CPU
		Release|Any CPU = Release|Any CPU
	EndGlobalSection
	GlobalSection(ProjectConfigurationPlatforms) = postSolution
		{18E62796-F226-4753-8A01-FCD952597AEA}.Debug|Any CPU.ActiveCfg = Debug|Any CPU
		{18E62796-F226-4753-8A01-FCD952597AEA}.Debug|Any CPU.Build.0 = Debug|Any CPU
		{18E62796-F226-4753-8A01-FCD952597AEA}.Release|Any CPU.ActiveCfg = Release|Any CPU
		{18E62796-F226-4753-8A01-FCD952597AEA}.Release|Any CPU.Build.0 = Release|Any CPU
		{84F93D4B-4EE3-4882-9F6A-1B07159D8858}.Debug|Any CPU.ActiveCfg = Debug|Any CPU
		{84F93D4B-4EE3-4882-9F6A-1B07159D8858}.Debug|Any CPU.Build.0 = Debug|Any CPU
		{84F93D4B-4EE3-4882-9F6A-1B07159D8858}.Release|Any CPU.ActiveCfg = Release|Any CPU
		{84F93D4B-4EE3-4882-9F6A-1B07159D8858}.Release|Any CPU.Build.0 = Release|Any CPU
		{63BE7485-A773-44C2-9C74-6FA0335B9F06}.Debug|Any CPU.ActiveCfg = Debug|Any CPU
		{63BE7485-A773-44C2-9C74-6FA0335B9F06}.Debug|Any CPU.Build.0 = Debug|Any CPU
		{63BE7485-A773-44C2-9C74-6FA0335B9F06}.Release|Any CPU.ActiveCfg = Release|Any CPU
		{63BE7485-A773-44C2-9C74-6FA0335B9F06}.Release|Any CPU.Build.0 = Release|Any CPU
		{05941C21-D387-4962-9D5D-E889E0D41E58}.Debug|Any CPU.ActiveCfg = Debug|Any CPU
		{05941C21-D387-4962-9D5D-E889E0D41E58}.Debug|Any CPU.Build.0 = Debug|Any CPU
		{05941C21-D387-4962-9D5D-E889E0D41E58}.Release|Any CPU.ActiveCfg = Release|Any CPU
		{05941C21-D387-4962-9D5D-E889E0D41E58}.Release|Any CPU.Build.0 = Release|Any CPU
		{9DA1DC3D-3B04-46E4-8FD4-56C97D36B2A8}.Debug|Any CPU.ActiveCfg = Debug|Any CPU
		{9DA1DC3D-3B04-46E4-8FD4-56C97D36B2A8}.Debug|Any CPU.Build.0 = Debug|Any CPU
		{9DA1DC3D-3B04-46E4-8FD4-56C97D36B2A8}.Release|Any CPU.ActiveCfg = Release|Any CPU
		{9DA1DC3D-3B04-46E4-8FD4-56C97D36B2A8}.Release|Any CPU.Build.0 = Release|Any CPU
		{7D60B81A-0118-4FE7-B037-A010BF35907E}.Debug|Any CPU.ActiveCfg = Debug|Any CPU
		{7D60B81A-0118-4FE7-B037-A010BF35907E}.Debug|Any CPU.Build.0 = Debug|Any CPU
		{7D60B81A-0118-4FE7-B037-A010BF35907E}.Release|Any CPU.ActiveCfg = Release|Any CPU
		{7D60B81A-0118-4FE7-B037-A010BF35907E}.Release|Any CPU.Build.0 = Release|Any CPU
		{245A9E56-04CC-44BB-A4D6-2B297E5FEED4}.Debug|Any CPU.ActiveCfg = Debug|Any CPU
		{245A9E56-04CC-44BB-A4D6-2B297E5FEED4}.Debug|Any CPU.Build.0 = Debug|Any CPU
		{245A9E56-04CC-44BB-A4D6-2B297E5FEED4}.Release|Any CPU.ActiveCfg = Release|Any CPU
		{245A9E56-04CC-44BB-A4D6-2B297E5FEED4}.Release|Any CPU.Build.0 = Release|Any CPU
		{18CE47C4-43FF-4E7F-B146-DEFA10C65699}.Debug|Any CPU.ActiveCfg = Debug|Any CPU
		{18CE47C4-43FF-4E7F-B146-DEFA10C65699}.Debug|Any CPU.Build.0 = Debug|Any CPU
		{18CE47C4-43FF-4E7F-B146-DEFA10C65699}.Release|Any CPU.ActiveCfg = Release|Any CPU
		{18CE47C4-43FF-4E7F-B146-DEFA10C65699}.Release|Any CPU.Build.0 = Release|Any CPU
		{7E662329-5283-45FA-968E-01E205C926D0}.Debug|Any CPU.ActiveCfg = Debug|Any CPU
		{7E662329-5283-45FA-968E-01E205C926D0}.Debug|Any CPU.Build.0 = Debug|Any CPU
		{7E662329-5283-45FA-968E-01E205C926D0}.Release|Any CPU.ActiveCfg = Release|Any CPU
		{7E662329-5283-45FA-968E-01E205C926D0}.Release|Any CPU.Build.0 = Release|Any CPU
		{03E38C3A-2482-4030-98CA-37F6D575C5DB}.Debug|Any CPU.ActiveCfg = Debug|Any CPU
		{03E38C3A-2482-4030-98CA-37F6D575C5DB}.Debug|Any CPU.Build.0 = Debug|Any CPU
		{03E38C3A-2482-4030-98CA-37F6D575C5DB}.Release|Any CPU.ActiveCfg = Release|Any CPU
		{03E38C3A-2482-4030-98CA-37F6D575C5DB}.Release|Any CPU.Build.0 = Release|Any CPU
		{0294E88C-F884-4C73-B8AF-E56A2B0C3B41}.Debug|Any CPU.ActiveCfg = Debug|Any CPU
		{0294E88C-F884-4C73-B8AF-E56A2B0C3B41}.Debug|Any CPU.Build.0 = Debug|Any CPU
		{0294E88C-F884-4C73-B8AF-E56A2B0C3B41}.Release|Any CPU.ActiveCfg = Release|Any CPU
		{0294E88C-F884-4C73-B8AF-E56A2B0C3B41}.Release|Any CPU.Build.0 = Release|Any CPU
		{B6480347-0BA2-4392-8BCE-6FDE90C7EA19}.Debug|Any CPU.ActiveCfg = Debug|Any CPU
		{B6480347-0BA2-4392-8BCE-6FDE90C7EA19}.Debug|Any CPU.Build.0 = Debug|Any CPU
		{B6480347-0BA2-4392-8BCE-6FDE90C7EA19}.Release|Any CPU.ActiveCfg = Release|Any CPU
		{B6480347-0BA2-4392-8BCE-6FDE90C7EA19}.Release|Any CPU.Build.0 = Release|Any CPU
		{638C36E7-3C5B-453B-8CFB-663832123264}.Debug|Any CPU.ActiveCfg = Debug|Any CPU
		{638C36E7-3C5B-453B-8CFB-663832123264}.Debug|Any CPU.Build.0 = Debug|Any CPU
		{638C36E7-3C5B-453B-8CFB-663832123264}.Release|Any CPU.ActiveCfg = Release|Any CPU
		{638C36E7-3C5B-453B-8CFB-663832123264}.Release|Any CPU.Build.0 = Release|Any CPU
	EndGlobalSection
	GlobalSection(SolutionProperties) = preSolution
		HideSolutionNode = FALSE
	EndGlobalSection
	GlobalSection(ExtensibilityGlobals) = postSolution
		SolutionGuid = {2BC39F59-E32F-4680-BA50-EAFC37A29B54}
	EndGlobalSection
EndGlobal
